// !$*UTF8*$!
{
	archiveVersion = 1;
	classes = {
	};
	objectVersion = 50;
	objects = {

/* Begin PBXBuildFile section */
		A1C3295325E636AF00006CA7 /* CoreDataHelper.swift in Sources */ = {isa = PBXBuildFile; fileRef = A1C3295225E636AF00006CA7 /* CoreDataHelper.swift */; };
		A1C3295625E643B500006CA7 /* iTuneViewModel.swift in Sources */ = {isa = PBXBuildFile; fileRef = A1C3295525E643B500006CA7 /* iTuneViewModel.swift */; };
		A1C3296525E6849300006CA7 /* iTuneSongTableViewCell.swift in Sources */ = {isa = PBXBuildFile; fileRef = A1C3296325E6849300006CA7 /* iTuneSongTableViewCell.swift */; };
		A1C3296B25E68ED200006CA7 /* iTuneViewModel+Ext.swift in Sources */ = {isa = PBXBuildFile; fileRef = A1C3296A25E68ED200006CA7 /* iTuneViewModel+Ext.swift */; };
		A1DDB5ED25E4027E002F996F /* AppDelegate.swift in Sources */ = {isa = PBXBuildFile; fileRef = A1DDB5EC25E4027E002F996F /* AppDelegate.swift */; };
		A1DDB5EF25E4027E002F996F /* SceneDelegate.swift in Sources */ = {isa = PBXBuildFile; fileRef = A1DDB5EE25E4027E002F996F /* SceneDelegate.swift */; };
		A1DDB5F125E4027E002F996F /* ViewController.swift in Sources */ = {isa = PBXBuildFile; fileRef = A1DDB5F025E4027E002F996F /* ViewController.swift */; };
		A1DDB5F425E4027E002F996F /* Main.storyboard in Resources */ = {isa = PBXBuildFile; fileRef = A1DDB5F225E4027E002F996F /* Main.storyboard */; };
		A1DDB5F625E4027F002F996F /* Assets.xcassets in Resources */ = {isa = PBXBuildFile; fileRef = A1DDB5F525E4027F002F996F /* Assets.xcassets */; };
		A1DDB5F925E4027F002F996F /* LaunchScreen.storyboard in Resources */ = {isa = PBXBuildFile; fileRef = A1DDB5F725E4027F002F996F /* LaunchScreen.storyboard */; };
		A1DDB61125E4A65C002F996F /* EndPoints.swift in Sources */ = {isa = PBXBuildFile; fileRef = A1DDB61025E4A65C002F996F /* EndPoints.swift */; };
		A1DDB6F425E54794002F996F /* Errors.swift in Sources */ = {isa = PBXBuildFile; fileRef = A1DDB6F325E54793002F996F /* Errors.swift */; };
		A1DDB6F725E5479E002F996F /* XMLPathParser.swift in Sources */ = {isa = PBXBuildFile; fileRef = A1DDB6F625E5479E002F996F /* XMLPathParser.swift */; };
		A1DDB6FA25E547A4002F996F /* iTunesDataFetcher.swift in Sources */ = {isa = PBXBuildFile; fileRef = A1DDB6F925E547A4002F996F /* iTunesDataFetcher.swift */; };
		A1DDB6FD25E547AA002F996F /* iTunesDataSource.swift in Sources */ = {isa = PBXBuildFile; fileRef = A1DDB6FC25E547AA002F996F /* iTunesDataSource.swift */; };
		A1DDB70125E547E1002F996F /* iTuneItem.swift in Sources */ = {isa = PBXBuildFile; fileRef = A1DDB70025E547E1002F996F /* iTuneItem.swift */; };
		A1DDB72D25E5FDE2002F996F /* Song+CoreDataClass.swift in Sources */ = {isa = PBXBuildFile; fileRef = A1DDB72B25E5FDE2002F996F /* Song+CoreDataClass.swift */; };
		A1DDB72E25E5FDE2002F996F /* Song+CoreDataProperties.swift in Sources */ = {isa = PBXBuildFile; fileRef = A1DDB72C25E5FDE2002F996F /* Song+CoreDataProperties.swift */; };
		A1DDB73725E5FEBC002F996F /* SongDataStore.xcdatamodeld in Sources */ = {isa = PBXBuildFile; fileRef = A1DDB73525E5FEBC002F996F /* SongDataStore.xcdatamodeld */; };
/* End PBXBuildFile section */

/* Begin PBXFileReference section */
		A1C3295225E636AF00006CA7 /* CoreDataHelper.swift */ = {isa = PBXFileReference; lastKnownFileType = sourcecode.swift; path = CoreDataHelper.swift; sourceTree = "<group>"; };
		A1C3295525E643B500006CA7 /* iTuneViewModel.swift */ = {isa = PBXFileReference; lastKnownFileType = sourcecode.swift; path = iTuneViewModel.swift; sourceTree = "<group>"; };
		A1C3296325E6849300006CA7 /* iTuneSongTableViewCell.swift */ = {isa = PBXFileReference; lastKnownFileType = sourcecode.swift; path = iTuneSongTableViewCell.swift; sourceTree = "<group>"; };
		A1C3296A25E68ED200006CA7 /* iTuneViewModel+Ext.swift */ = {isa = PBXFileReference; lastKnownFileType = sourcecode.swift; path = "iTuneViewModel+Ext.swift"; sourceTree = "<group>"; };
		A1DDB5E925E4027E002F996F /* EncoraDemo.app */ = {isa = PBXFileReference; explicitFileType = wrapper.application; includeInIndex = 0; path = EncoraDemo.app; sourceTree = BUILT_PRODUCTS_DIR; };
		A1DDB5EC25E4027E002F996F /* AppDelegate.swift */ = {isa = PBXFileReference; lastKnownFileType = sourcecode.swift; path = AppDelegate.swift; sourceTree = "<group>"; };
		A1DDB5EE25E4027E002F996F /* SceneDelegate.swift */ = {isa = PBXFileReference; lastKnownFileType = sourcecode.swift; path = SceneDelegate.swift; sourceTree = "<group>"; };
		A1DDB5F025E4027E002F996F /* ViewController.swift */ = {isa = PBXFileReference; lastKnownFileType = sourcecode.swift; path = ViewController.swift; sourceTree = "<group>"; };
		A1DDB5F325E4027E002F996F /* Base */ = {isa = PBXFileReference; lastKnownFileType = file.storyboard; name = Base; path = Base.lproj/Main.storyboard; sourceTree = "<group>"; };
		A1DDB5F525E4027F002F996F /* Assets.xcassets */ = {isa = PBXFileReference; lastKnownFileType = folder.assetcatalog; path = Assets.xcassets; sourceTree = "<group>"; };
		A1DDB5F825E4027F002F996F /* Base */ = {isa = PBXFileReference; lastKnownFileType = file.storyboard; name = Base; path = Base.lproj/LaunchScreen.storyboard; sourceTree = "<group>"; };
		A1DDB5FA25E4027F002F996F /* Info.plist */ = {isa = PBXFileReference; lastKnownFileType = text.plist.xml; path = Info.plist; sourceTree = "<group>"; };
		A1DDB61025E4A65C002F996F /* EndPoints.swift */ = {isa = PBXFileReference; lastKnownFileType = sourcecode.swift; path = EndPoints.swift; sourceTree = "<group>"; };
		A1DDB6F325E54793002F996F /* Errors.swift */ = {isa = PBXFileReference; fileEncoding = 4; lastKnownFileType = sourcecode.swift; path = Errors.swift; sourceTree = "<group>"; };
		A1DDB6F625E5479E002F996F /* XMLPathParser.swift */ = {isa = PBXFileReference; fileEncoding = 4; lastKnownFileType = sourcecode.swift; path = XMLPathParser.swift; sourceTree = "<group>"; };
		A1DDB6F925E547A4002F996F /* iTunesDataFetcher.swift */ = {isa = PBXFileReference; fileEncoding = 4; lastKnownFileType = sourcecode.swift; path = iTunesDataFetcher.swift; sourceTree = "<group>"; };
		A1DDB6FC25E547AA002F996F /* iTunesDataSource.swift */ = {isa = PBXFileReference; fileEncoding = 4; lastKnownFileType = sourcecode.swift; path = iTunesDataSource.swift; sourceTree = "<group>"; };
		A1DDB70025E547E1002F996F /* iTuneItem.swift */ = {isa = PBXFileReference; lastKnownFileType = sourcecode.swift; path = iTuneItem.swift; sourceTree = "<group>"; };
		A1DDB72B25E5FDE2002F996F /* Song+CoreDataClass.swift */ = {isa = PBXFileReference; lastKnownFileType = sourcecode.swift; path = "Song+CoreDataClass.swift"; sourceTree = "<group>"; };
		A1DDB72C25E5FDE2002F996F /* Song+CoreDataProperties.swift */ = {isa = PBXFileReference; lastKnownFileType = sourcecode.swift; path = "Song+CoreDataProperties.swift"; sourceTree = "<group>"; };
		A1DDB73625E5FEBC002F996F /* SongDataStore.xcdatamodel */ = {isa = PBXFileReference; lastKnownFileType = wrapper.xcdatamodel; path = SongDataStore.xcdatamodel; sourceTree = "<group>"; };
/* End PBXFileReference section */

/* Begin PBXFrameworksBuildPhase section */
		A1DDB5E625E4027E002F996F /* Frameworks */ = {
			isa = PBXFrameworksBuildPhase;
			buildActionMask = 2147483647;
			files = (
			);
			runOnlyForDeploymentPostprocessing = 0;
		};
/* End PBXFrameworksBuildPhase section */

/* Begin PBXGroup section */
		A1C3295825E680C000006CA7 /* TableViewCell */ = {
			isa = PBXGroup;
			children = (
				A1C3296325E6849300006CA7 /* iTuneSongTableViewCell.swift */,
			);
			path = TableViewCell;
			sourceTree = "<group>";
		};
		A1DDB5E025E4027E002F996F = {
			isa = PBXGroup;
			children = (
				A1DDB5EB25E4027E002F996F /* EncoraDemo */,
				A1DDB5EA25E4027E002F996F /* Products */,
			);
			sourceTree = "<group>";
		};
		A1DDB5EA25E4027E002F996F /* Products */ = {
			isa = PBXGroup;
			children = (
				A1DDB5E925E4027E002F996F /* EncoraDemo.app */,
			);
			name = Products;
			sourceTree = "<group>";
		};
		A1DDB5EB25E4027E002F996F /* EncoraDemo */ = {
			isa = PBXGroup;
			children = (
				A1C3295825E680C000006CA7 /* TableViewCell */,
				A1DDB70425E567D4002F996F /* Persistant Operatons */,
				A1DDB70325E55376002F996F /* iTuneViewModel */,
				A1DDB6FF25E547B6002F996F /* Model */,
				A1DDB60F25E4A616002F996F /* Utils */,
				A1DDB5EC25E4027E002F996F /* AppDelegate.swift */,
				A1DDB5EE25E4027E002F996F /* SceneDelegate.swift */,
				A1DDB5F025E4027E002F996F /* ViewController.swift */,
				A1DDB5F225E4027E002F996F /* Main.storyboard */,
				A1DDB5F525E4027F002F996F /* Assets.xcassets */,
				A1DDB5F725E4027F002F996F /* LaunchScreen.storyboard */,
				A1DDB5FA25E4027F002F996F /* Info.plist */,
			);
			path = EncoraDemo;
			sourceTree = "<group>";
		};
		A1DDB60F25E4A616002F996F /* Utils */ = {
			isa = PBXGroup;
			children = (
				A1DDB61025E4A65C002F996F /* EndPoints.swift */,
				A1DDB6F325E54793002F996F /* Errors.swift */,
				A1DDB6F625E5479E002F996F /* XMLPathParser.swift */,
				A1DDB6F925E547A4002F996F /* iTunesDataFetcher.swift */,
				A1DDB6FC25E547AA002F996F /* iTunesDataSource.swift */,
			);
			path = Utils;
			sourceTree = "<group>";
		};
		A1DDB6FF25E547B6002F996F /* Model */ = {
			isa = PBXGroup;
			children = (
				A1DDB70025E547E1002F996F /* iTuneItem.swift */,
			);
			path = Model;
			sourceTree = "<group>";
		};
		A1DDB70325E55376002F996F /* iTuneViewModel */ = {
			isa = PBXGroup;
			children = (
				A1C3295525E643B500006CA7 /* iTuneViewModel.swift */,
				A1C3296A25E68ED200006CA7 /* iTuneViewModel+Ext.swift */,
			);
			path = iTuneViewModel;
			sourceTree = "<group>";
		};
		A1DDB70425E567D4002F996F /* Persistant Operatons */ = {
			isa = PBXGroup;
			children = (
				A1DDB72B25E5FDE2002F996F /* Song+CoreDataClass.swift */,
				A1DDB72C25E5FDE2002F996F /* Song+CoreDataProperties.swift */,
				A1C3295225E636AF00006CA7 /* CoreDataHelper.swift */,
				A1DDB73525E5FEBC002F996F /* SongDataStore.xcdatamodeld */,
			);
			path = "Persistant Operatons";
			sourceTree = "<group>";
		};
/* End PBXGroup section */

/* Begin PBXNativeTarget section */
		A1DDB5E825E4027E002F996F /* EncoraDemo */ = {
			isa = PBXNativeTarget;
			buildConfigurationList = A1DDB5FD25E4027F002F996F /* Build configuration list for PBXNativeTarget "EncoraDemo" */;
			buildPhases = (
				A1DDB5E525E4027E002F996F /* Sources */,
				A1DDB5E625E4027E002F996F /* Frameworks */,
				A1DDB5E725E4027E002F996F /* Resources */,
			);
			buildRules = (
			);
			dependencies = (
			);
			name = EncoraDemo;
			productName = EncoraDemo;
			productReference = A1DDB5E925E4027E002F996F /* EncoraDemo.app */;
			productType = "com.apple.product-type.application";
		};
/* End PBXNativeTarget section */

/* Begin PBXProject section */
		A1DDB5E125E4027E002F996F /* Project object */ = {
			isa = PBXProject;
			attributes = {
				LastSwiftUpdateCheck = 1230;
				LastUpgradeCheck = 1230;
				TargetAttributes = {
					A1DDB5E825E4027E002F996F = {
						CreatedOnToolsVersion = 12.3;
					};
				};
			};
			buildConfigurationList = A1DDB5E425E4027E002F996F /* Build configuration list for PBXProject "EncoraDemo" */;
			compatibilityVersion = "Xcode 9.3";
			developmentRegion = en;
			hasScannedForEncodings = 0;
			knownRegions = (
				en,
				Base,
			);
			mainGroup = A1DDB5E025E4027E002F996F;
			productRefGroup = A1DDB5EA25E4027E002F996F /* Products */;
			projectDirPath = "";
			projectRoot = "";
			targets = (
				A1DDB5E825E4027E002F996F /* EncoraDemo */,
			);
		};
/* End PBXProject section */

/* Begin PBXResourcesBuildPhase section */
		A1DDB5E725E4027E002F996F /* Resources */ = {
			isa = PBXResourcesBuildPhase;
			buildActionMask = 2147483647;
			files = (
				A1DDB5F925E4027F002F996F /* LaunchScreen.storyboard in Resources */,
				A1DDB5F625E4027F002F996F /* Assets.xcassets in Resources */,
				A1DDB5F425E4027E002F996F /* Main.storyboard in Resources */,
			);
			runOnlyForDeploymentPostprocessing = 0;
		};
/* End PBXResourcesBuildPhase section */

/* Begin PBXSourcesBuildPhase section */
		A1DDB5E525E4027E002F996F /* Sources */ = {
			isa = PBXSourcesBuildPhase;
			buildActionMask = 2147483647;
			files = (
				A1C3296B25E68ED200006CA7 /* iTuneViewModel+Ext.swift in Sources */,
				A1C3295625E643B500006CA7 /* iTuneViewModel.swift in Sources */,
				A1DDB72D25E5FDE2002F996F /* Song+CoreDataClass.swift in Sources */,
				A1DDB5F125E4027E002F996F /* ViewController.swift in Sources */,
				A1DDB72E25E5FDE2002F996F /* Song+CoreDataProperties.swift in Sources */,
				A1DDB6FA25E547A4002F996F /* iTunesDataFetcher.swift in Sources */,
				A1C3296525E6849300006CA7 /* iTuneSongTableViewCell.swift in Sources */,
				A1DDB6F425E54794002F996F /* Errors.swift in Sources */,
				A1DDB5ED25E4027E002F996F /* AppDelegate.swift in Sources */,
				A1DDB6FD25E547AA002F996F /* iTunesDataSource.swift in Sources */,
				A1DDB70125E547E1002F996F /* iTuneItem.swift in Sources */,
				A1C3295325E636AF00006CA7 /* CoreDataHelper.swift in Sources */,
				A1DDB73725E5FEBC002F996F /* SongDataStore.xcdatamodeld in Sources */,
				A1DDB6F725E5479E002F996F /* XMLPathParser.swift in Sources */,
				A1DDB61125E4A65C002F996F /* EndPoints.swift in Sources */,
				A1DDB5EF25E4027E002F996F /* SceneDelegate.swift in Sources */,
			);
			runOnlyForDeploymentPostprocessing = 0;
		};
/* End PBXSourcesBuildPhase section */

/* Begin PBXVariantGroup section */
		A1DDB5F225E4027E002F996F /* Main.storyboard */ = {
			isa = PBXVariantGroup;
			children = (
				A1DDB5F325E4027E002F996F /* Base */,
			);
			name = Main.storyboard;
			sourceTree = "<group>";
		};
		A1DDB5F725E4027F002F996F /* LaunchScreen.storyboard */ = {
			isa = PBXVariantGroup;
			children = (
				A1DDB5F825E4027F002F996F /* Base */,
			);
			name = LaunchScreen.storyboard;
			sourceTree = "<group>";
		};
/* End PBXVariantGroup section */

/* Begin XCBuildConfiguration section */
		A1DDB5FB25E4027F002F996F /* Debug */ = {
			isa = XCBuildConfiguration;
			buildSettings = {
				ALWAYS_SEARCH_USER_PATHS = NO;
				CLANG_ANALYZER_NONNULL = YES;
				CLANG_ANALYZER_NUMBER_OBJECT_CONVERSION = YES_AGGRESSIVE;
				CLANG_CXX_LANGUAGE_STANDARD = "gnu++14";
				CLANG_CXX_LIBRARY = "libc++";
				CLANG_ENABLE_MODULES = YES;
				CLANG_ENABLE_OBJC_ARC = YES;
				CLANG_ENABLE_OBJC_WEAK = YES;
				CLANG_WARN_BLOCK_CAPTURE_AUTORELEASING = YES;
				CLANG_WARN_BOOL_CONVERSION = YES;
				CLANG_WARN_COMMA = YES;
				CLANG_WARN_CONSTANT_CONVERSION = YES;
				CLANG_WARN_DEPRECATED_OBJC_IMPLEMENTATIONS = YES;
				CLANG_WARN_DIRECT_OBJC_ISA_USAGE = YES_ERROR;
				CLANG_WARN_DOCUMENTATION_COMMENTS = YES;
				CLANG_WARN_EMPTY_BODY = YES;
				CLANG_WARN_ENUM_CONVERSION = YES;
				CLANG_WARN_INFINITE_RECURSION = YES;
				CLANG_WARN_INT_CONVERSION = YES;
				CLANG_WARN_NON_LITERAL_NULL_CONVERSION = YES;
				CLANG_WARN_OBJC_IMPLICIT_RETAIN_SELF = YES;
				CLANG_WARN_OBJC_LITERAL_CONVERSION = YES;
				CLANG_WARN_OBJC_ROOT_CLASS = YES_ERROR;
				CLANG_WARN_QUOTED_INCLUDE_IN_FRAMEWORK_HEADER = YES;
				CLANG_WARN_RANGE_LOOP_ANALYSIS = YES;
				CLANG_WARN_STRICT_PROTOTYPES = YES;
				CLANG_WARN_SUSPICIOUS_MOVE = YES;
				CLANG_WARN_UNGUARDED_AVAILABILITY = YES_AGGRESSIVE;
				CLANG_WARN_UNREACHABLE_CODE = YES;
				CLANG_WARN__DUPLICATE_METHOD_MATCH = YES;
				COPY_PHASE_STRIP = NO;
				DEBUG_INFORMATION_FORMAT = dwarf;
				ENABLE_STRICT_OBJC_MSGSEND = YES;
				ENABLE_TESTABILITY = YES;
				GCC_C_LANGUAGE_STANDARD = gnu11;
				GCC_DYNAMIC_NO_PIC = NO;
				GCC_NO_COMMON_BLOCKS = YES;
				GCC_OPTIMIZATION_LEVEL = 0;
				GCC_PREPROCESSOR_DEFINITIONS = (
					"DEBUG=1",
					"$(inherited)",
				);
				GCC_WARN_64_TO_32_BIT_CONVERSION = YES;
				GCC_WARN_ABOUT_RETURN_TYPE = YES_ERROR;
				GCC_WARN_UNDECLARED_SELECTOR = YES;
				GCC_WARN_UNINITIALIZED_AUTOS = YES_AGGRESSIVE;
				GCC_WARN_UNUSED_FUNCTION = YES;
				GCC_WARN_UNUSED_VARIABLE = YES;
				IPHONEOS_DEPLOYMENT_TARGET = 14.3;
				MTL_ENABLE_DEBUG_INFO = INCLUDE_SOURCE;
				MTL_FAST_MATH = YES;
				ONLY_ACTIVE_ARCH = YES;
				SDKROOT = iphoneos;
				SWIFT_ACTIVE_COMPILATION_CONDITIONS = DEBUG;
				SWIFT_OPTIMIZATION_LEVEL = "-Onone";
			};
			name = Debug;
		};
		A1DDB5FC25E4027F002F996F /* Release */ = {
			isa = XCBuildConfiguration;
			buildSettings = {
				ALWAYS_SEARCH_USER_PATHS = NO;
				CLANG_ANALYZER_NONNULL = YES;
				CLANG_ANALYZER_NUMBER_OBJECT_CONVERSION = YES_AGGRESSIVE;
				CLANG_CXX_LANGUAGE_STANDARD = "gnu++14";
				CLANG_CXX_LIBRARY = "libc++";
				CLANG_ENABLE_MODULES = YES;
				CLANG_ENABLE_OBJC_ARC = YES;
				CLANG_ENABLE_OBJC_WEAK = YES;
				CLANG_WARN_BLOCK_CAPTURE_AUTORELEASING = YES;
				CLANG_WARN_BOOL_CONVERSION = YES;
				CLANG_WARN_COMMA = YES;
				CLANG_WARN_CONSTANT_CONVERSION = YES;
				CLANG_WARN_DEPRECATED_OBJC_IMPLEMENTATIONS = YES;
				CLANG_WARN_DIRECT_OBJC_ISA_USAGE = YES_ERROR;
				CLANG_WARN_DOCUMENTATION_COMMENTS = YES;
				CLANG_WARN_EMPTY_BODY = YES;
				CLANG_WARN_ENUM_CONVERSION = YES;
				CLANG_WARN_INFINITE_RECURSION = YES;
				CLANG_WARN_INT_CONVERSION = YES;
				CLANG_WARN_NON_LITERAL_NULL_CONVERSION = YES;
				CLANG_WARN_OBJC_IMPLICIT_RETAIN_SELF = YES;
				CLANG_WARN_OBJC_LITERAL_CONVERSION = YES;
				CLANG_WARN_OBJC_ROOT_CLASS = YES_ERROR;
				CLANG_WARN_QUOTED_INCLUDE_IN_FRAMEWORK_HEADER = YES;
				CLANG_WARN_RANGE_LOOP_ANALYSIS = YES;
				CLANG_WARN_STRICT_PROTOTYPES = YES;
				CLANG_WARN_SUSPICIOUS_MOVE = YES;
				CLANG_WARN_UNGUARDED_AVAILABILITY = YES_AGGRESSIVE;
				CLANG_WARN_UNREACHABLE_CODE = YES;
				CLANG_WARN__DUPLICATE_METHOD_MATCH = YES;
				COPY_PHASE_STRIP = NO;
				DEBUG_INFORMATION_FORMAT = "dwarf-with-dsym";
				ENABLE_NS_ASSERTIONS = NO;
				ENABLE_STRICT_OBJC_MSGSEND = YES;
				GCC_C_LANGUAGE_STANDARD = gnu11;
				GCC_NO_COMMON_BLOCKS = YES;
				GCC_WARN_64_TO_32_BIT_CONVERSION = YES;
				GCC_WARN_ABOUT_RETURN_TYPE = YES_ERROR;
				GCC_WARN_UNDECLARED_SELECTOR = YES;
				GCC_WARN_UNINITIALIZED_AUTOS = YES_AGGRESSIVE;
				GCC_WARN_UNUSED_FUNCTION = YES;
				GCC_WARN_UNUSED_VARIABLE = YES;
				IPHONEOS_DEPLOYMENT_TARGET = 14.3;
				MTL_ENABLE_DEBUG_INFO = NO;
				MTL_FAST_MATH = YES;
				SDKROOT = iphoneos;
				SWIFT_COMPILATION_MODE = wholemodule;
				SWIFT_OPTIMIZATION_LEVEL = "-O";
				VALIDATE_PRODUCT = YES;
			};
			name = Release;
		};
		A1DDB5FE25E4027F002F996F /* Debug */ = {
			isa = XCBuildConfiguration;
			buildSettings = {
				ASSETCATALOG_COMPILER_APPICON_NAME = AppIcon;
				ASSETCATALOG_COMPILER_GLOBAL_ACCENT_COLOR_NAME = AccentColor;
				CODE_SIGN_STYLE = Automatic;
				DEVELOPMENT_TEAM = 8SBH4683ZM;
				INFOPLIST_FILE = EncoraDemo/Info.plist;
				LD_RUNPATH_SEARCH_PATHS = (
					"$(inherited)",
					"@executable_path/Frameworks",
				);
				PRODUCT_BUNDLE_IDENTIFIER = Ranjan.EncoraDemo;
				PRODUCT_NAME = "$(TARGET_NAME)";
				SWIFT_VERSION = 5.0;
				TARGETED_DEVICE_FAMILY = "1,2";
			};
			name = Debug;
		};
		A1DDB5FF25E4027F002F996F /* Release */ = {
			isa = XCBuildConfiguration;
			buildSettings = {
				ASSETCATALOG_COMPILER_APPICON_NAME = AppIcon;
				ASSETCATALOG_COMPILER_GLOBAL_ACCENT_COLOR_NAME = AccentColor;
				CODE_SIGN_STYLE = Automatic;
				DEVELOPMENT_TEAM = 8SBH4683ZM;
				INFOPLIST_FILE = EncoraDemo/Info.plist;
				LD_RUNPATH_SEARCH_PATHS = (
					"$(inherited)",
					"@executable_path/Frameworks",
				);
				PRODUCT_BUNDLE_IDENTIFIER = Ranjan.EncoraDemo;
				PRODUCT_NAME = "$(TARGET_NAME)";
				SWIFT_VERSION = 5.0;
				TARGETED_DEVICE_FAMILY = "1,2";
			};
			name = Release;
		};
/* End XCBuildConfiguration section */

/* Begin XCConfigurationList section */
		A1DDB5E425E4027E002F996F /* Build configuration list for PBXProject "EncoraDemo" */ = {
			isa = XCConfigurationList;
			buildConfigurations = (
				A1DDB5FB25E4027F002F996F /* Debug */,
				A1DDB5FC25E4027F002F996F /* Release */,
			);
			defaultConfigurationIsVisible = 0;
			defaultConfigurationName = Release;
		};
		A1DDB5FD25E4027F002F996F /* Build configuration list for PBXNativeTarget "EncoraDemo" */ = {
			isa = XCConfigurationList;
			buildConfigurations = (
				A1DDB5FE25E4027F002F996F /* Debug */,
				A1DDB5FF25E4027F002F996F /* Release */,
			);
			defaultConfigurationIsVisible = 0;
			defaultConfigurationName = Release;
		};
/* End XCConfigurationList section */

/* Begin XCVersionGroup section */
		A1DDB73525E5FEBC002F996F /* SongDataStore.xcdatamodeld */ = {
			isa = XCVersionGroup;
			children = (
				A1DDB73625E5FEBC002F996F /* SongDataStore.xcdatamodel */,
			);
			currentVersion = A1DDB73625E5FEBC002F996F /* SongDataStore.xcdatamodel */;
			path = SongDataStore.xcdatamodeld;
			sourceTree = "<group>";
			versionGroupType = wrapper.xcdatamodel;
		};
/* End XCVersionGroup section */
	};
	rootObject = A1DDB5E125E4027E002F996F /* Project object */;
}
